
Microsoft Visual Studio Solution File, Format Version 12.00
# Visual Studio Version 17
VisualStudioVersion = 17.5.33530.505
MinimumVisualStudioVersion = 10.0.40219.1
Project("{FAE04EC0-301F-11D3-BF4B-00C04F79EFBC}") = "AdventOfCode2023_5", "AdventOfCode2023_5\AdventOfCode2023_5.csproj", "{FBF8AF44-225C-46C5-BE0E-679C868F5766}"
EndProject
Global
	GlobalSection(SolutionConfigurationPlatforms) = preSolution
		Debug|Any CPU = Debug|Any CPU
		Release|Any CPU = Release|Any CPU
	EndGlobalSection
	GlobalSection(ProjectConfigurationPlatforms) = postSolution
		{FBF8AF44-225C-46C5-BE0E-679C868F5766}.Debug|Any CPU.ActiveCfg = Debug|Any CPU
		{FBF8AF44-225C-46C5-BE0E-679C868F5766}.Debug|Any CPU.Build.0 = Debug|Any CPU
		{FBF8AF44-225C-46C5-BE0E-679C868F5766}.Release|Any CPU.ActiveCfg = Release|Any CPU
		{FBF8AF44-225C-46C5-BE0E-679C868F5766}.Release|Any CPU.Build.0 = Release|Any CPU
	EndGlobalSection
	GlobalSection(SolutionProperties) = preSolution
		HideSolutionNode = FALSE
	EndGlobalSection
	GlobalSection(ExtensibilityGlobals) = postSolution
		SolutionGuid = {ACA66D19-280F-46AD-8AAC-D19E4C2005AE}
	EndGlobalSection
EndGlobal
