
Microsoft Visual Studio Solution File, Format Version 12.00
# Visual Studio Version 17
VisualStudioVersion = 17.4.33205.214
MinimumVisualStudioVersion = 10.0.40219.1
Project("{9A19103F-16F7-4668-BE54-9A1E7A4F7556}") = "adventofcode_2023_3_2", "adventofcode_2023_3_2.csproj", "{41412F79-E4A1-42E3-B8F2-0E3AF2C663DD}"
EndProject
Global
	GlobalSection(SolutionConfigurationPlatforms) = preSolution
		Debug|Any CPU = Debug|Any CPU
		Release|Any CPU = Release|Any CPU
	EndGlobalSection
	GlobalSection(ProjectConfigurationPlatforms) = postSolution
		{41412F79-E4A1-42E3-B8F2-0E3AF2C663DD}.Debug|Any CPU.ActiveCfg = Debug|Any CPU
		{41412F79-E4A1-42E3-B8F2-0E3AF2C663DD}.Debug|Any CPU.Build.0 = Debug|Any CPU
		{41412F79-E4A1-42E3-B8F2-0E3AF2C663DD}.Release|Any CPU.ActiveCfg = Release|Any CPU
		{41412F79-E4A1-42E3-B8F2-0E3AF2C663DD}.Release|Any CPU.Build.0 = Release|Any CPU
	EndGlobalSection
	GlobalSection(SolutionProperties) = preSolution
		HideSolutionNode = FALSE
	EndGlobalSection
	GlobalSection(ExtensibilityGlobals) = postSolution
		SolutionGuid = {9075413F-AC39-41FF-B4A9-567B01A2076F}
	EndGlobalSection
EndGlobal
